// !$*UTF8*$!
{
	archiveVersion = 1;
	classes = {
	};
	objectVersion = 46;
	objects = {

/* Begin PBXBuildFile section */
		30CE2BA91BFE422C000BE8F0 /* StoredAnswers.swift in Sources */ = {isa = PBXBuildFile; fileRef = 30CE2BA81BFE422C000BE8F0 /* StoredAnswers.swift */; };
		965433511BFA8E8B00F1E04F /* PersonCollectionViewCell.swift in Sources */ = {isa = PBXBuildFile; fileRef = 965433501BFA8E8B00F1E04F /* PersonCollectionViewCell.swift */; };
		96C7913C1BFBBE0200C119F3 /* RightSpeechBubbleTableViewCell.swift in Sources */ = {isa = PBXBuildFile; fileRef = 96C7913B1BFBBE0200C119F3 /* RightSpeechBubbleTableViewCell.swift */; };
		96ED3A251BFCE89B00199B7C /* LeftSpeechBubbleTableViewCell.swift in Sources */ = {isa = PBXBuildFile; fileRef = 96ED3A241BFCE89B00199B7C /* LeftSpeechBubbleTableViewCell.swift */; };
		96ED3A271BFCF6A900199B7C /* SpeechBubbleTableViewCell Protocol.swift in Sources */ = {isa = PBXBuildFile; fileRef = 96ED3A261BFCF6A900199B7C /* SpeechBubbleTableViewCell Protocol.swift */; };
		96ED3A291BFD130A00199B7C /* QuestionsViewController.swift in Sources */ = {isa = PBXBuildFile; fileRef = 96ED3A281BFD130A00199B7C /* QuestionsViewController.swift */; };
		96ED3A2B1BFD148200199B7C /* LeftSpeechBubbleTableViewCell.xib in Resources */ = {isa = PBXBuildFile; fileRef = 96ED3A2A1BFD148200199B7C /* LeftSpeechBubbleTableViewCell.xib */; };
		96ED3A2D1BFD149100199B7C /* RightSpeechBubbleTableViewCell.xib in Resources */ = {isa = PBXBuildFile; fileRef = 96ED3A2C1BFD149100199B7C /* RightSpeechBubbleTableViewCell.xib */; };
		96ED3A2F1BFD25D400199B7C /* SpeechBubbleTableViewCellAnimator.swift in Sources */ = {isa = PBXBuildFile; fileRef = 96ED3A2E1BFD25D400199B7C /* SpeechBubbleTableViewCellAnimator.swift */; };
		96ED3A311BFD2CE400199B7C /* UIColor Extensions.swift in Sources */ = {isa = PBXBuildFile; fileRef = 96ED3A301BFD2CE400199B7C /* UIColor Extensions.swift */; };
		96ED3A331BFD2F3A00199B7C /* AnswererViewController.swift in Sources */ = {isa = PBXBuildFile; fileRef = 96ED3A321BFD2F3A00199B7C /* AnswererViewController.swift */; };
		B78EA15B1BFA57F100BDC4D6 /* AppDelegate.swift in Sources */ = {isa = PBXBuildFile; fileRef = B78EA15A1BFA57F100BDC4D6 /* AppDelegate.swift */; };
		B78EA15D1BFA57F100BDC4D6 /* MainViewController.swift in Sources */ = {isa = PBXBuildFile; fileRef = B78EA15C1BFA57F100BDC4D6 /* MainViewController.swift */; };
		B78EA1601BFA57F100BDC4D6 /* Main.storyboard in Resources */ = {isa = PBXBuildFile; fileRef = B78EA15E1BFA57F100BDC4D6 /* Main.storyboard */; };
		B78EA1621BFA57F100BDC4D6 /* Assets.xcassets in Resources */ = {isa = PBXBuildFile; fileRef = B78EA1611BFA57F100BDC4D6 /* Assets.xcassets */; };
		B78EA1651BFA57F100BDC4D6 /* LaunchScreen.storyboard in Resources */ = {isa = PBXBuildFile; fileRef = B78EA1631BFA57F100BDC4D6 /* LaunchScreen.storyboard */; };
		B7E4CB041BFA886E00A3E9CA /* SettingsViewController.swift in Sources */ = {isa = PBXBuildFile; fileRef = B7E4CB031BFA886E00A3E9CA /* SettingsViewController.swift */; };
		B7E4CB061BFA8FA700A3E9CA /* CustomTransition.swift in Sources */ = {isa = PBXBuildFile; fileRef = B7E4CB051BFA8FA700A3E9CA /* CustomTransition.swift */; };
		B7E4CB111BFD15D500A3E9CA /* Bolts.framework in Frameworks */ = {isa = PBXBuildFile; fileRef = B7E4CB0F1BFD15D500A3E9CA /* Bolts.framework */; };
		B7E4CB121BFD15D500A3E9CA /* Parse.framework in Frameworks */ = {isa = PBXBuildFile; fileRef = B7E4CB101BFD15D500A3E9CA /* Parse.framework */; };
		B7E4CB191BFD165100A3E9CA /* ParseCrashReporting.framework in Frameworks */ = {isa = PBXBuildFile; fileRef = B7E4CB141BFD165100A3E9CA /* ParseCrashReporting.framework */; };
		B7E4CB1A1BFD165100A3E9CA /* ParseFacebookUtils.framework in Frameworks */ = {isa = PBXBuildFile; fileRef = B7E4CB151BFD165100A3E9CA /* ParseFacebookUtils.framework */; };
		B7E4CB1B1BFD165100A3E9CA /* ParseFacebookUtilsV4.framework in Frameworks */ = {isa = PBXBuildFile; fileRef = B7E4CB161BFD165100A3E9CA /* ParseFacebookUtilsV4.framework */; };
		B7E4CB1C1BFD165100A3E9CA /* ParseTwitterUtils.framework in Frameworks */ = {isa = PBXBuildFile; fileRef = B7E4CB171BFD165100A3E9CA /* ParseTwitterUtils.framework */; };
		B7E4CB1D1BFD165100A3E9CA /* ParseUI.framework in Frameworks */ = {isa = PBXBuildFile; fileRef = B7E4CB181BFD165100A3E9CA /* ParseUI.framework */; };
		B7E4CB2F1BFD17C900A3E9CA /* AudioToolbox.framework in Frameworks */ = {isa = PBXBuildFile; fileRef = B7E4CB2E1BFD17C900A3E9CA /* AudioToolbox.framework */; };
		B7E4CB311BFD17E100A3E9CA /* CFNetwork.framework in Frameworks */ = {isa = PBXBuildFile; fileRef = B7E4CB301BFD17E100A3E9CA /* CFNetwork.framework */; };
		B7E4CB331BFD17E900A3E9CA /* CoreGraphics.framework in Frameworks */ = {isa = PBXBuildFile; fileRef = B7E4CB321BFD17E900A3E9CA /* CoreGraphics.framework */; };
		B7E4CB351BFD17FE00A3E9CA /* CoreLocation.framework in Frameworks */ = {isa = PBXBuildFile; fileRef = B7E4CB341BFD17FE00A3E9CA /* CoreLocation.framework */; };
		B7E4CB371BFD180E00A3E9CA /* QuartzCore.framework in Frameworks */ = {isa = PBXBuildFile; fileRef = B7E4CB361BFD180E00A3E9CA /* QuartzCore.framework */; };
		B7E4CB391BFD183000A3E9CA /* Security.framework in Frameworks */ = {isa = PBXBuildFile; fileRef = B7E4CB381BFD183000A3E9CA /* Security.framework */; };
		B7E4CB3B1BFD183800A3E9CA /* StoreKit.framework in Frameworks */ = {isa = PBXBuildFile; fileRef = B7E4CB3A1BFD183700A3E9CA /* StoreKit.framework */; };
		B7E4CB3D1BFD184800A3E9CA /* SystemConfiguration.framework in Frameworks */ = {isa = PBXBuildFile; fileRef = B7E4CB3C1BFD184800A3E9CA /* SystemConfiguration.framework */; };
		B7E4CB3F1BFD185500A3E9CA /* libz.tbd in Frameworks */ = {isa = PBXBuildFile; fileRef = B7E4CB3E1BFD185500A3E9CA /* libz.tbd */; };
		B7E4CB411BFD186700A3E9CA /* libsqlite3.tbd in Frameworks */ = {isa = PBXBuildFile; fileRef = B7E4CB401BFD186700A3E9CA /* libsqlite3.tbd */; };
		B7E4CB431BFD244B00A3E9CA /* Constants.swift in Sources */ = {isa = PBXBuildFile; fileRef = B7E4CB421BFD244B00A3E9CA /* Constants.swift */; };
		B7E4CB451BFD24A600A3E9CA /* ParseService.swift in Sources */ = {isa = PBXBuildFile; fileRef = B7E4CB441BFD24A600A3E9CA /* ParseService.swift */; };
		B7E4CB471BFD24B100A3E9CA /* QuestionTableViewCell.swift in Sources */ = {isa = PBXBuildFile; fileRef = B7E4CB461BFD24B100A3E9CA /* QuestionTableViewCell.swift */; };
		BF6C4B051BFD36D000A9BAC6 /* Response.swift in Sources */ = {isa = PBXBuildFile; fileRef = BF6C4B021BFD36D000A9BAC6 /* Response.swift */; };
		BF6C4B061BFD36D000A9BAC6 /* ChatbotAPIService.swift in Sources */ = {isa = PBXBuildFile; fileRef = BF6C4B031BFD36D000A9BAC6 /* ChatbotAPIService.swift */; };
		BF6C4B071BFD36D000A9BAC6 /* ApiConstants.swift in Sources */ = {isa = PBXBuildFile; fileRef = BF6C4B041BFD36D000A9BAC6 /* ApiConstants.swift */; };
		BFE471B01BFBEC58004C98A5 /* AnswerRetriever.swift in Sources */ = {isa = PBXBuildFile; fileRef = BFE471AF1BFBEC58004C98A5 /* AnswerRetriever.swift */; };
		BFE471B21BFBEC63004C98A5 /* KeyWordFinder.swift in Sources */ = {isa = PBXBuildFile; fileRef = BFE471B11BFBEC63004C98A5 /* KeyWordFinder.swift */; };
		BFE471B41BFBEC6F004C98A5 /* Patterns.swift in Sources */ = {isa = PBXBuildFile; fileRef = BFE471B31BFBEC6F004C98A5 /* Patterns.swift */; };
/* End PBXBuildFile section */

/* Begin PBXFileReference section */
		30CE2BA81BFE422C000BE8F0 /* StoredAnswers.swift */ = {isa = PBXFileReference; fileEncoding = 4; lastKnownFileType = sourcecode.swift; path = StoredAnswers.swift; sourceTree = "<group>"; };
		965433501BFA8E8B00F1E04F /* PersonCollectionViewCell.swift */ = {isa = PBXFileReference; fileEncoding = 4; lastKnownFileType = sourcecode.swift; path = PersonCollectionViewCell.swift; sourceTree = "<group>"; };
		96C7913B1BFBBE0200C119F3 /* RightSpeechBubbleTableViewCell.swift */ = {isa = PBXFileReference; fileEncoding = 4; lastKnownFileType = sourcecode.swift; path = RightSpeechBubbleTableViewCell.swift; sourceTree = "<group>"; };
		96ED3A241BFCE89B00199B7C /* LeftSpeechBubbleTableViewCell.swift */ = {isa = PBXFileReference; fileEncoding = 4; lastKnownFileType = sourcecode.swift; path = LeftSpeechBubbleTableViewCell.swift; sourceTree = "<group>"; };
		96ED3A261BFCF6A900199B7C /* SpeechBubbleTableViewCell Protocol.swift */ = {isa = PBXFileReference; fileEncoding = 4; lastKnownFileType = sourcecode.swift; path = "SpeechBubbleTableViewCell Protocol.swift"; sourceTree = "<group>"; };
		96ED3A281BFD130A00199B7C /* QuestionsViewController.swift */ = {isa = PBXFileReference; fileEncoding = 4; lastKnownFileType = sourcecode.swift; path = QuestionsViewController.swift; sourceTree = "<group>"; };
		96ED3A2A1BFD148200199B7C /* LeftSpeechBubbleTableViewCell.xib */ = {isa = PBXFileReference; fileEncoding = 4; lastKnownFileType = file.xib; path = LeftSpeechBubbleTableViewCell.xib; sourceTree = "<group>"; };
		96ED3A2C1BFD149100199B7C /* RightSpeechBubbleTableViewCell.xib */ = {isa = PBXFileReference; fileEncoding = 4; lastKnownFileType = file.xib; path = RightSpeechBubbleTableViewCell.xib; sourceTree = "<group>"; };
		96ED3A2E1BFD25D400199B7C /* SpeechBubbleTableViewCellAnimator.swift */ = {isa = PBXFileReference; fileEncoding = 4; lastKnownFileType = sourcecode.swift; path = SpeechBubbleTableViewCellAnimator.swift; sourceTree = "<group>"; };
		96ED3A301BFD2CE400199B7C /* UIColor Extensions.swift */ = {isa = PBXFileReference; fileEncoding = 4; lastKnownFileType = sourcecode.swift; path = "UIColor Extensions.swift"; sourceTree = "<group>"; };
		96ED3A321BFD2F3A00199B7C /* AnswererViewController.swift */ = {isa = PBXFileReference; fileEncoding = 4; lastKnownFileType = sourcecode.swift; path = AnswererViewController.swift; sourceTree = "<group>"; };
		B78EA1571BFA57F100BDC4D6 /* SayWhat?.app */ = {isa = PBXFileReference; explicitFileType = wrapper.application; includeInIndex = 0; path = "SayWhat?.app"; sourceTree = BUILT_PRODUCTS_DIR; };
		B78EA15A1BFA57F100BDC4D6 /* AppDelegate.swift */ = {isa = PBXFileReference; lastKnownFileType = sourcecode.swift; path = AppDelegate.swift; sourceTree = "<group>"; };
		B78EA15C1BFA57F100BDC4D6 /* MainViewController.swift */ = {isa = PBXFileReference; lastKnownFileType = sourcecode.swift; path = MainViewController.swift; sourceTree = "<group>"; };
		B78EA15F1BFA57F100BDC4D6 /* Base */ = {isa = PBXFileReference; lastKnownFileType = file.storyboard; name = Base; path = Base.lproj/Main.storyboard; sourceTree = "<group>"; };
		B78EA1611BFA57F100BDC4D6 /* Assets.xcassets */ = {isa = PBXFileReference; lastKnownFileType = folder.assetcatalog; path = Assets.xcassets; sourceTree = "<group>"; };
		B78EA1641BFA57F100BDC4D6 /* Base */ = {isa = PBXFileReference; lastKnownFileType = file.storyboard; name = Base; path = Base.lproj/LaunchScreen.storyboard; sourceTree = "<group>"; };
		B78EA1661BFA57F100BDC4D6 /* Info.plist */ = {isa = PBXFileReference; lastKnownFileType = text.plist.xml; path = Info.plist; sourceTree = "<group>"; };
		B7E4CB031BFA886E00A3E9CA /* SettingsViewController.swift */ = {isa = PBXFileReference; fileEncoding = 4; lastKnownFileType = sourcecode.swift; path = SettingsViewController.swift; sourceTree = "<group>"; };
		B7E4CB051BFA8FA700A3E9CA /* CustomTransition.swift */ = {isa = PBXFileReference; fileEncoding = 4; lastKnownFileType = sourcecode.swift; path = CustomTransition.swift; sourceTree = "<group>"; };
		B7E4CB0F1BFD15D500A3E9CA /* Bolts.framework */ = {isa = PBXFileReference; lastKnownFileType = wrapper.framework; path = Bolts.framework; sourceTree = "<group>"; };
		B7E4CB101BFD15D500A3E9CA /* Parse.framework */ = {isa = PBXFileReference; lastKnownFileType = wrapper.framework; path = Parse.framework; sourceTree = "<group>"; };
		B7E4CB141BFD165100A3E9CA /* ParseCrashReporting.framework */ = {isa = PBXFileReference; lastKnownFileType = wrapper.framework; path = ParseCrashReporting.framework; sourceTree = "<group>"; };
		B7E4CB151BFD165100A3E9CA /* ParseFacebookUtils.framework */ = {isa = PBXFileReference; lastKnownFileType = wrapper.framework; path = ParseFacebookUtils.framework; sourceTree = "<group>"; };
		B7E4CB161BFD165100A3E9CA /* ParseFacebookUtilsV4.framework */ = {isa = PBXFileReference; lastKnownFileType = wrapper.framework; path = ParseFacebookUtilsV4.framework; sourceTree = "<group>"; };
		B7E4CB171BFD165100A3E9CA /* ParseTwitterUtils.framework */ = {isa = PBXFileReference; lastKnownFileType = wrapper.framework; path = ParseTwitterUtils.framework; sourceTree = "<group>"; };
		B7E4CB181BFD165100A3E9CA /* ParseUI.framework */ = {isa = PBXFileReference; lastKnownFileType = wrapper.framework; path = ParseUI.framework; sourceTree = "<group>"; };
		B7E4CB2E1BFD17C900A3E9CA /* AudioToolbox.framework */ = {isa = PBXFileReference; lastKnownFileType = wrapper.framework; name = AudioToolbox.framework; path = System/Library/Frameworks/AudioToolbox.framework; sourceTree = SDKROOT; };
		B7E4CB301BFD17E100A3E9CA /* CFNetwork.framework */ = {isa = PBXFileReference; lastKnownFileType = wrapper.framework; name = CFNetwork.framework; path = System/Library/Frameworks/CFNetwork.framework; sourceTree = SDKROOT; };
		B7E4CB321BFD17E900A3E9CA /* CoreGraphics.framework */ = {isa = PBXFileReference; lastKnownFileType = wrapper.framework; name = CoreGraphics.framework; path = System/Library/Frameworks/CoreGraphics.framework; sourceTree = SDKROOT; };
		B7E4CB341BFD17FE00A3E9CA /* CoreLocation.framework */ = {isa = PBXFileReference; lastKnownFileType = wrapper.framework; name = CoreLocation.framework; path = System/Library/Frameworks/CoreLocation.framework; sourceTree = SDKROOT; };
		B7E4CB361BFD180E00A3E9CA /* QuartzCore.framework */ = {isa = PBXFileReference; lastKnownFileType = wrapper.framework; name = QuartzCore.framework; path = System/Library/Frameworks/QuartzCore.framework; sourceTree = SDKROOT; };
		B7E4CB381BFD183000A3E9CA /* Security.framework */ = {isa = PBXFileReference; lastKnownFileType = wrapper.framework; name = Security.framework; path = System/Library/Frameworks/Security.framework; sourceTree = SDKROOT; };
		B7E4CB3A1BFD183700A3E9CA /* StoreKit.framework */ = {isa = PBXFileReference; lastKnownFileType = wrapper.framework; name = StoreKit.framework; path = System/Library/Frameworks/StoreKit.framework; sourceTree = SDKROOT; };
		B7E4CB3C1BFD184800A3E9CA /* SystemConfiguration.framework */ = {isa = PBXFileReference; lastKnownFileType = wrapper.framework; name = SystemConfiguration.framework; path = System/Library/Frameworks/SystemConfiguration.framework; sourceTree = SDKROOT; };
		B7E4CB3E1BFD185500A3E9CA /* libz.tbd */ = {isa = PBXFileReference; lastKnownFileType = "sourcecode.text-based-dylib-definition"; name = libz.tbd; path = usr/lib/libz.tbd; sourceTree = SDKROOT; };
		B7E4CB401BFD186700A3E9CA /* libsqlite3.tbd */ = {isa = PBXFileReference; lastKnownFileType = "sourcecode.text-based-dylib-definition"; name = libsqlite3.tbd; path = usr/lib/libsqlite3.tbd; sourceTree = SDKROOT; };
		B7E4CB421BFD244B00A3E9CA /* Constants.swift */ = {isa = PBXFileReference; fileEncoding = 4; lastKnownFileType = sourcecode.swift; path = Constants.swift; sourceTree = "<group>"; };
		B7E4CB441BFD24A600A3E9CA /* ParseService.swift */ = {isa = PBXFileReference; fileEncoding = 4; lastKnownFileType = sourcecode.swift; path = ParseService.swift; sourceTree = "<group>"; };
		B7E4CB461BFD24B100A3E9CA /* QuestionTableViewCell.swift */ = {isa = PBXFileReference; fileEncoding = 4; lastKnownFileType = sourcecode.swift; path = QuestionTableViewCell.swift; sourceTree = "<group>"; };
		BF6C4B021BFD36D000A9BAC6 /* Response.swift */ = {isa = PBXFileReference; fileEncoding = 4; lastKnownFileType = sourcecode.swift; path = Response.swift; sourceTree = "<group>"; };
		BF6C4B031BFD36D000A9BAC6 /* ChatbotAPIService.swift */ = {isa = PBXFileReference; fileEncoding = 4; lastKnownFileType = sourcecode.swift; path = ChatbotAPIService.swift; sourceTree = "<group>"; };
		BF6C4B041BFD36D000A9BAC6 /* ApiConstants.swift */ = {isa = PBXFileReference; fileEncoding = 4; lastKnownFileType = sourcecode.swift; path = ApiConstants.swift; sourceTree = "<group>"; };
		BFE471AF1BFBEC58004C98A5 /* AnswerRetriever.swift */ = {isa = PBXFileReference; fileEncoding = 4; lastKnownFileType = sourcecode.swift; path = AnswerRetriever.swift; sourceTree = "<group>"; };
		BFE471B11BFBEC63004C98A5 /* KeyWordFinder.swift */ = {isa = PBXFileReference; fileEncoding = 4; lastKnownFileType = sourcecode.swift; path = KeyWordFinder.swift; sourceTree = "<group>"; };
		BFE471B31BFBEC6F004C98A5 /* Patterns.swift */ = {isa = PBXFileReference; fileEncoding = 4; lastKnownFileType = sourcecode.swift; path = Patterns.swift; sourceTree = "<group>"; };
/* End PBXFileReference section */

/* Begin PBXFrameworksBuildPhase section */
		B78EA1541BFA57F100BDC4D6 /* Frameworks */ = {
			isa = PBXFrameworksBuildPhase;
			buildActionMask = 2147483647;
			files = (
				B7E4CB411BFD186700A3E9CA /* libsqlite3.tbd in Frameworks */,
				B7E4CB3F1BFD185500A3E9CA /* libz.tbd in Frameworks */,
				B7E4CB3D1BFD184800A3E9CA /* SystemConfiguration.framework in Frameworks */,
				B7E4CB3B1BFD183800A3E9CA /* StoreKit.framework in Frameworks */,
				B7E4CB391BFD183000A3E9CA /* Security.framework in Frameworks */,
				B7E4CB371BFD180E00A3E9CA /* QuartzCore.framework in Frameworks */,
				B7E4CB351BFD17FE00A3E9CA /* CoreLocation.framework in Frameworks */,
				B7E4CB331BFD17E900A3E9CA /* CoreGraphics.framework in Frameworks */,
				B7E4CB311BFD17E100A3E9CA /* CFNetwork.framework in Frameworks */,
				B7E4CB2F1BFD17C900A3E9CA /* AudioToolbox.framework in Frameworks */,
				B7E4CB121BFD15D500A3E9CA /* Parse.framework in Frameworks */,
				B7E4CB191BFD165100A3E9CA /* ParseCrashReporting.framework in Frameworks */,
				B7E4CB1D1BFD165100A3E9CA /* ParseUI.framework in Frameworks */,
				B7E4CB1A1BFD165100A3E9CA /* ParseFacebookUtils.framework in Frameworks */,
				B7E4CB111BFD15D500A3E9CA /* Bolts.framework in Frameworks */,
				B7E4CB1C1BFD165100A3E9CA /* ParseTwitterUtils.framework in Frameworks */,
				B7E4CB1B1BFD165100A3E9CA /* ParseFacebookUtilsV4.framework in Frameworks */,
			);
			runOnlyForDeploymentPostprocessing = 0;
		};
/* End PBXFrameworksBuildPhase section */

/* Begin PBXGroup section */
		96ED3A341BFD2F4200199B7C /* View Controllers */ = {
			isa = PBXGroup;
			children = (
				B78EA15C1BFA57F100BDC4D6 /* MainViewController.swift */,
				96ED3A281BFD130A00199B7C /* QuestionsViewController.swift */,
				96ED3A321BFD2F3A00199B7C /* AnswererViewController.swift */,
			);
			name = "View Controllers";
			sourceTree = "<group>";
		};
		96ED3A351BFD2F6700199B7C /* Views */ = {
			isa = PBXGroup;
			children = (
				B7E4CB461BFD24B100A3E9CA /* QuestionTableViewCell.swift */,
				96ED3A261BFCF6A900199B7C /* SpeechBubbleTableViewCell Protocol.swift */,
				96ED3A241BFCE89B00199B7C /* LeftSpeechBubbleTableViewCell.swift */,
				96C7913B1BFBBE0200C119F3 /* RightSpeechBubbleTableViewCell.swift */,
			);
			name = Views;
			sourceTree = "<group>";
		};
		96ED3A361BFD2F7B00199B7C /* Xibs */ = {
			isa = PBXGroup;
			children = (
				96ED3A2A1BFD148200199B7C /* LeftSpeechBubbleTableViewCell.xib */,
				96ED3A2C1BFD149100199B7C /* RightSpeechBubbleTableViewCell.xib */,
			);
			name = Xibs;
			sourceTree = "<group>";
		};
		96ED3A371BFD2F9A00199B7C /* Misc UI */ = {
			isa = PBXGroup;
			children = (
				96ED3A2E1BFD25D400199B7C /* SpeechBubbleTableViewCellAnimator.swift */,
				96ED3A301BFD2CE400199B7C /* UIColor Extensions.swift */,
			);
			name = "Misc UI";
			sourceTree = "<group>";
		};
		B78EA14E1BFA57F100BDC4D6 = {
			isa = PBXGroup;
			children = (
				B78EA1591BFA57F100BDC4D6 /* GuyGirlTextAssistant */,
				B7E4CB131BFD15F000A3E9CA /* Frameworks */,
			);
			sourceTree = "<group>";
		};
		B78EA1581BFA57F100BDC4D6 /* Products */ = {
			isa = PBXGroup;
			children = (
				B78EA1571BFA57F100BDC4D6 /* SayWhat?.app */,
			);
			name = Products;
			path = ..;
			sourceTree = "<group>";
		};
		B78EA1591BFA57F100BDC4D6 /* GuyGirlTextAssistant */ = {
			isa = PBXGroup;
			children = (
				B78EA1581BFA57F100BDC4D6 /* Products */,
				BF6C4B081BFD3FFA00A9BAC6 /* ChatbotAPI */,
				BFE471AE1BFBEC37004C98A5 /* LocalAnswerGeneration */,
				B78EA15A1BFA57F100BDC4D6 /* AppDelegate.swift */,
				BF6C4B091BFD402300A9BAC6 /* Model */,
				B7E4CB441BFD24A600A3E9CA /* ParseService.swift */,
				B7E4CB421BFD244B00A3E9CA /* Constants.swift */,
				B7E4CB031BFA886E00A3E9CA /* SettingsViewController.swift */,
				B7E4CB051BFA8FA700A3E9CA /* CustomTransition.swift */,
				96ED3A371BFD2F9A00199B7C /* Misc UI */,
				96ED3A351BFD2F6700199B7C /* Views */,
				96ED3A341BFD2F4200199B7C /* View Controllers */,
				965433501BFA8E8B00F1E04F /* PersonCollectionViewCell.swift */,
				96ED3A361BFD2F7B00199B7C /* Xibs */,
				B78EA15E1BFA57F100BDC4D6 /* Main.storyboard */,
				B78EA1611BFA57F100BDC4D6 /* Assets.xcassets */,
				B78EA1631BFA57F100BDC4D6 /* LaunchScreen.storyboard */,
				B78EA1661BFA57F100BDC4D6 /* Info.plist */,
			);
			path = GuyGirlTextAssistant;
			sourceTree = "<group>";
		};
		B7E4CB131BFD15F000A3E9CA /* Frameworks */ = {
			isa = PBXGroup;
			children = (
				B7E4CB401BFD186700A3E9CA /* libsqlite3.tbd */,
				B7E4CB3E1BFD185500A3E9CA /* libz.tbd */,
				B7E4CB3C1BFD184800A3E9CA /* SystemConfiguration.framework */,
				B7E4CB3A1BFD183700A3E9CA /* StoreKit.framework */,
				B7E4CB381BFD183000A3E9CA /* Security.framework */,
				B7E4CB361BFD180E00A3E9CA /* QuartzCore.framework */,
				B7E4CB341BFD17FE00A3E9CA /* CoreLocation.framework */,
				B7E4CB321BFD17E900A3E9CA /* CoreGraphics.framework */,
				B7E4CB301BFD17E100A3E9CA /* CFNetwork.framework */,
				B7E4CB2E1BFD17C900A3E9CA /* AudioToolbox.framework */,
				B7E4CB141BFD165100A3E9CA /* ParseCrashReporting.framework */,
				B7E4CB151BFD165100A3E9CA /* ParseFacebookUtils.framework */,
				B7E4CB161BFD165100A3E9CA /* ParseFacebookUtilsV4.framework */,
				B7E4CB171BFD165100A3E9CA /* ParseTwitterUtils.framework */,
				B7E4CB181BFD165100A3E9CA /* ParseUI.framework */,
				B7E4CB101BFD15D500A3E9CA /* Parse.framework */,
				B7E4CB0F1BFD15D500A3E9CA /* Bolts.framework */,
			);
			name = Frameworks;
			sourceTree = "<group>";
		};
		BF6C4B081BFD3FFA00A9BAC6 /* ChatbotAPI */ = {
			isa = PBXGroup;
			children = (
				BF6C4B041BFD36D000A9BAC6 /* ApiConstants.swift */,
				BF6C4B031BFD36D000A9BAC6 /* ChatbotAPIService.swift */,
			);
			name = ChatbotAPI;
			sourceTree = "<group>";
		};
		BF6C4B091BFD402300A9BAC6 /* Model */ = {
			isa = PBXGroup;
			children = (
				BF6C4B021BFD36D000A9BAC6 /* Response.swift */,
			);
			name = Model;
			sourceTree = "<group>";
		};
		BFE471AE1BFBEC37004C98A5 /* LocalAnswerGeneration */ = {
			isa = PBXGroup;
			children = (
				BFE471B31BFBEC6F004C98A5 /* Patterns.swift */,
				BFE471B11BFBEC63004C98A5 /* KeyWordFinder.swift */,
				BFE471AF1BFBEC58004C98A5 /* AnswerRetriever.swift */,
				30CE2BA81BFE422C000BE8F0 /* StoredAnswers.swift */,
			);
			name = LocalAnswerGeneration;
			sourceTree = "<group>";
		};
/* End PBXGroup section */

/* Begin PBXNativeTarget section */
		B78EA1561BFA57F100BDC4D6 /* SayWhat? */ = {
			isa = PBXNativeTarget;
			buildConfigurationList = B78EA1691BFA57F100BDC4D6 /* Build configuration list for PBXNativeTarget "SayWhat?" */;
			buildPhases = (
				B78EA1531BFA57F100BDC4D6 /* Sources */,
				B78EA1541BFA57F100BDC4D6 /* Frameworks */,
				B78EA1551BFA57F100BDC4D6 /* Resources */,
			);
			buildRules = (
			);
			dependencies = (
			);
			name = "SayWhat?";
			productName = GuyGirlTextAssistant;
			productReference = B78EA1571BFA57F100BDC4D6 /* SayWhat?.app */;
			productType = "com.apple.product-type.application";
		};
/* End PBXNativeTarget section */

/* Begin PBXProject section */
		B78EA14F1BFA57F100BDC4D6 /* Project object */ = {
			isa = PBXProject;
			attributes = {
				LastSwiftUpdateCheck = 0710;
				LastUpgradeCheck = 0710;
				TargetAttributes = {
					B78EA1561BFA57F100BDC4D6 = {
						CreatedOnToolsVersion = 7.1;
					};
				};
			};
			buildConfigurationList = B78EA1521BFA57F100BDC4D6 /* Build configuration list for PBXProject "SayWhat?" */;
			compatibilityVersion = "Xcode 3.2";
			developmentRegion = English;
			hasScannedForEncodings = 0;
			knownRegions = (
				en,
				Base,
			);
			mainGroup = B78EA14E1BFA57F100BDC4D6;
			productRefGroup = B78EA1581BFA57F100BDC4D6 /* Products */;
			projectDirPath = "";
			projectRoot = "";
			targets = (
				B78EA1561BFA57F100BDC4D6 /* SayWhat? */,
			);
		};
/* End PBXProject section */

/* Begin PBXResourcesBuildPhase section */
		B78EA1551BFA57F100BDC4D6 /* Resources */ = {
			isa = PBXResourcesBuildPhase;
			buildActionMask = 2147483647;
			files = (
				96ED3A2B1BFD148200199B7C /* LeftSpeechBubbleTableViewCell.xib in Resources */,
				96ED3A2D1BFD149100199B7C /* RightSpeechBubbleTableViewCell.xib in Resources */,
				B78EA1651BFA57F100BDC4D6 /* LaunchScreen.storyboard in Resources */,
				B78EA1621BFA57F100BDC4D6 /* Assets.xcassets in Resources */,
				B78EA1601BFA57F100BDC4D6 /* Main.storyboard in Resources */,
			);
			runOnlyForDeploymentPostprocessing = 0;
		};
/* End PBXResourcesBuildPhase section */

/* Begin PBXSourcesBuildPhase section */
		B78EA1531BFA57F100BDC4D6 /* Sources */ = {
			isa = PBXSourcesBuildPhase;
			buildActionMask = 2147483647;
			files = (
				BFE471B01BFBEC58004C98A5 /* AnswerRetriever.swift in Sources */,
				B78EA15D1BFA57F100BDC4D6 /* MainViewController.swift in Sources */,
				96ED3A291BFD130A00199B7C /* QuestionsViewController.swift in Sources */,
				B78EA15B1BFA57F100BDC4D6 /* AppDelegate.swift in Sources */,
				30CE2BA91BFE422C000BE8F0 /* StoredAnswers.swift in Sources */,
				B7E4CB041BFA886E00A3E9CA /* SettingsViewController.swift in Sources */,
				96ED3A331BFD2F3A00199B7C /* AnswererViewController.swift in Sources */,
				96ED3A2F1BFD25D400199B7C /* SpeechBubbleTableViewCellAnimator.swift in Sources */,
				B7E4CB061BFA8FA700A3E9CA /* CustomTransition.swift in Sources */,
				B7E4CB471BFD24B100A3E9CA /* QuestionTableViewCell.swift in Sources */,
				BFE471B21BFBEC63004C98A5 /* KeyWordFinder.swift in Sources */,
				BF6C4B051BFD36D000A9BAC6 /* Response.swift in Sources */,
				B7E4CB431BFD244B00A3E9CA /* Constants.swift in Sources */,
				96ED3A311BFD2CE400199B7C /* UIColor Extensions.swift in Sources */,
				BFE471B41BFBEC6F004C98A5 /* Patterns.swift in Sources */,
				96C7913C1BFBBE0200C119F3 /* RightSpeechBubbleTableViewCell.swift in Sources */,
				96ED3A251BFCE89B00199B7C /* LeftSpeechBubbleTableViewCell.swift in Sources */,
				96ED3A271BFCF6A900199B7C /* SpeechBubbleTableViewCell Protocol.swift in Sources */,
				BF6C4B071BFD36D000A9BAC6 /* ApiConstants.swift in Sources */,
				965433511BFA8E8B00F1E04F /* PersonCollectionViewCell.swift in Sources */,
				B7E4CB451BFD24A600A3E9CA /* ParseService.swift in Sources */,
				BF6C4B061BFD36D000A9BAC6 /* ChatbotAPIService.swift in Sources */,
			);
			runOnlyForDeploymentPostprocessing = 0;
		};
/* End PBXSourcesBuildPhase section */

/* Begin PBXVariantGroup section */
		B78EA15E1BFA57F100BDC4D6 /* Main.storyboard */ = {
			isa = PBXVariantGroup;
			children = (
				B78EA15F1BFA57F100BDC4D6 /* Base */,
			);
			name = Main.storyboard;
			sourceTree = "<group>";
		};
		B78EA1631BFA57F100BDC4D6 /* LaunchScreen.storyboard */ = {
			isa = PBXVariantGroup;
			children = (
				B78EA1641BFA57F100BDC4D6 /* Base */,
			);
			name = LaunchScreen.storyboard;
			sourceTree = "<group>";
		};
/* End PBXVariantGroup section */

/* Begin XCBuildConfiguration section */
		B78EA1671BFA57F100BDC4D6 /* Debug */ = {
			isa = XCBuildConfiguration;
			buildSettings = {
				ALWAYS_SEARCH_USER_PATHS = NO;
				CLANG_CXX_LANGUAGE_STANDARD = "gnu++0x";
				CLANG_CXX_LIBRARY = "libc++";
				CLANG_ENABLE_MODULES = YES;
				CLANG_ENABLE_OBJC_ARC = YES;
				CLANG_WARN_BOOL_CONVERSION = YES;
				CLANG_WARN_CONSTANT_CONVERSION = YES;
				CLANG_WARN_DIRECT_OBJC_ISA_USAGE = YES_ERROR;
				CLANG_WARN_EMPTY_BODY = YES;
				CLANG_WARN_ENUM_CONVERSION = YES;
				CLANG_WARN_INT_CONVERSION = YES;
				CLANG_WARN_OBJC_ROOT_CLASS = YES_ERROR;
				CLANG_WARN_UNREACHABLE_CODE = YES;
				CLANG_WARN__DUPLICATE_METHOD_MATCH = YES;
				"CODE_SIGN_IDENTITY[sdk=iphoneos*]" = "iPhone Developer";
				COPY_PHASE_STRIP = NO;
				DEBUG_INFORMATION_FORMAT = dwarf;
				ENABLE_STRICT_OBJC_MSGSEND = YES;
				ENABLE_TESTABILITY = YES;
				GCC_C_LANGUAGE_STANDARD = gnu99;
				GCC_DYNAMIC_NO_PIC = NO;
				GCC_NO_COMMON_BLOCKS = YES;
				GCC_OPTIMIZATION_LEVEL = 0;
				GCC_PREPROCESSOR_DEFINITIONS = (
					"DEBUG=1",
					"$(inherited)",
				);
				GCC_WARN_64_TO_32_BIT_CONVERSION = YES;
				GCC_WARN_ABOUT_RETURN_TYPE = YES_ERROR;
				GCC_WARN_UNDECLARED_SELECTOR = YES;
				GCC_WARN_UNINITIALIZED_AUTOS = YES_AGGRESSIVE;
				GCC_WARN_UNUSED_FUNCTION = YES;
				GCC_WARN_UNUSED_VARIABLE = YES;
				IPHONEOS_DEPLOYMENT_TARGET = 9.1;
				MTL_ENABLE_DEBUG_INFO = YES;
				ONLY_ACTIVE_ARCH = YES;
				SDKROOT = iphoneos;
				SWIFT_OPTIMIZATION_LEVEL = "-Onone";
				TARGETED_DEVICE_FAMILY = "1,2";
			};
			name = Debug;
		};
		B78EA1681BFA57F100BDC4D6 /* Release */ = {
			isa = XCBuildConfiguration;
			buildSettings = {
				ALWAYS_SEARCH_USER_PATHS = NO;
				CLANG_CXX_LANGUAGE_STANDARD = "gnu++0x";
				CLANG_CXX_LIBRARY = "libc++";
				CLANG_ENABLE_MODULES = YES;
				CLANG_ENABLE_OBJC_ARC = YES;
				CLANG_WARN_BOOL_CONVERSION = YES;
				CLANG_WARN_CONSTANT_CONVERSION = YES;
				CLANG_WARN_DIRECT_OBJC_ISA_USAGE = YES_ERROR;
				CLANG_WARN_EMPTY_BODY = YES;
				CLANG_WARN_ENUM_CONVERSION = YES;
				CLANG_WARN_INT_CONVERSION = YES;
				CLANG_WARN_OBJC_ROOT_CLASS = YES_ERROR;
				CLANG_WARN_UNREACHABLE_CODE = YES;
				CLANG_WARN__DUPLICATE_METHOD_MATCH = YES;
				"CODE_SIGN_IDENTITY[sdk=iphoneos*]" = "iPhone Developer";
				COPY_PHASE_STRIP = NO;
				DEBUG_INFORMATION_FORMAT = "dwarf-with-dsym";
				ENABLE_NS_ASSERTIONS = NO;
				ENABLE_STRICT_OBJC_MSGSEND = YES;
				GCC_C_LANGUAGE_STANDARD = gnu99;
				GCC_NO_COMMON_BLOCKS = YES;
				GCC_WARN_64_TO_32_BIT_CONVERSION = YES;
				GCC_WARN_ABOUT_RETURN_TYPE = YES_ERROR;
				GCC_WARN_UNDECLARED_SELECTOR = YES;
				GCC_WARN_UNINITIALIZED_AUTOS = YES_AGGRESSIVE;
				GCC_WARN_UNUSED_FUNCTION = YES;
				GCC_WARN_UNUSED_VARIABLE = YES;
				IPHONEOS_DEPLOYMENT_TARGET = 9.1;
				MTL_ENABLE_DEBUG_INFO = NO;
				SDKROOT = iphoneos;
				TARGETED_DEVICE_FAMILY = "1,2";
				VALIDATE_PRODUCT = YES;
			};
			name = Release;
		};
		B78EA16A1BFA57F100BDC4D6 /* Debug */ = {
			isa = XCBuildConfiguration;
			buildSettings = {
				ASSETCATALOG_COMPILER_APPICON_NAME = AppIcon;
				FRAMEWORK_SEARCH_PATHS = (
					"$(inherited)",
					"$(PROJECT_DIR)",
				);
				INFOPLIST_FILE = GuyGirlTextAssistant/Info.plist;
				IPHONEOS_DEPLOYMENT_TARGET = 9.0;
				LD_RUNPATH_SEARCH_PATHS = "$(inherited) @executable_path/Frameworks";
				PRODUCT_BUNDLE_IDENTIFIER = guygirl.GuyGirlTextAssistant;
				PRODUCT_NAME = "SayWhat?";
			};
			name = Debug;
		};
		B78EA16B1BFA57F100BDC4D6 /* Release */ = {
			isa = XCBuildConfiguration;
			buildSettings = {
				ASSETCATALOG_COMPILER_APPICON_NAME = AppIcon;
				FRAMEWORK_SEARCH_PATHS = (
					"$(inherited)",
					"$(PROJECT_DIR)",
				);
				INFOPLIST_FILE = GuyGirlTextAssistant/Info.plist;
				IPHONEOS_DEPLOYMENT_TARGET = 9.0;
				LD_RUNPATH_SEARCH_PATHS = "$(inherited) @executable_path/Frameworks";
				PRODUCT_BUNDLE_IDENTIFIER = guygirl.GuyGirlTextAssistant;
				PRODUCT_NAME = "SayWhat?";
			};
			name = Release;
		};
/* End XCBuildConfiguration section */

/* Begin XCConfigurationList section */
		B78EA1521BFA57F100BDC4D6 /* Build configuration list for PBXProject "SayWhat?" */ = {
			isa = XCConfigurationList;
			buildConfigurations = (
				B78EA1671BFA57F100BDC4D6 /* Debug */,
				B78EA1681BFA57F100BDC4D6 /* Release */,
			);
			defaultConfigurationIsVisible = 0;
			defaultConfigurationName = Release;
		};
		B78EA1691BFA57F100BDC4D6 /* Build configuration list for PBXNativeTarget "SayWhat?" */ = {
			isa = XCConfigurationList;
			buildConfigurations = (
				B78EA16A1BFA57F100BDC4D6 /* Debug */,
				B78EA16B1BFA57F100BDC4D6 /* Release */,
			);
			defaultConfigurationIsVisible = 0;
			defaultConfigurationName = Release;
		};
/* End XCConfigurationList section */
	};
	rootObject = B78EA14F1BFA57F100BDC4D6 /* Project object */;
}
